// !$*UTF8*$!
{
	archiveVersion = 1;
	classes = {
	};
	objectVersion = 46;
	objects = {

/* Begin PBXBuildFile section */
		F40974DA1B5FD02100147D41 /* DMMovie.m in Sources */ = {isa = PBXBuildFile; fileRef = F40974D91B5FD02100147D41 /* DMMovie.m */; };
		F40974DD1B5FD03A00147D41 /* DMUser.m in Sources */ = {isa = PBXBuildFile; fileRef = F40974DC1B5FD03A00147D41 /* DMUser.m */; };
		F40974E01B5FD04A00147D41 /* DMComment.m in Sources */ = {isa = PBXBuildFile; fileRef = F40974DF1B5FD04A00147D41 /* DMComment.m */; };
		F40974F51B5FD27A00147D41 /* AFHTTPRequestOperation.m in Sources */ = {isa = PBXBuildFile; fileRef = F40974E31B5FD27A00147D41 /* AFHTTPRequestOperation.m */; };
		F40974F61B5FD27A00147D41 /* AFHTTPRequestOperationManager.m in Sources */ = {isa = PBXBuildFile; fileRef = F40974E51B5FD27A00147D41 /* AFHTTPRequestOperationManager.m */; };
		F40974F71B5FD27A00147D41 /* AFHTTPSessionManager.m in Sources */ = {isa = PBXBuildFile; fileRef = F40974E71B5FD27A00147D41 /* AFHTTPSessionManager.m */; };
		F40974F81B5FD27A00147D41 /* AFNetworkReachabilityManager.m in Sources */ = {isa = PBXBuildFile; fileRef = F40974EA1B5FD27A00147D41 /* AFNetworkReachabilityManager.m */; };
		F40974F91B5FD27A00147D41 /* AFSecurityPolicy.m in Sources */ = {isa = PBXBuildFile; fileRef = F40974EC1B5FD27A00147D41 /* AFSecurityPolicy.m */; };
		F40974FA1B5FD27A00147D41 /* AFURLConnectionOperation.m in Sources */ = {isa = PBXBuildFile; fileRef = F40974EE1B5FD27A00147D41 /* AFURLConnectionOperation.m */; };
		F40974FB1B5FD27A00147D41 /* AFURLRequestSerialization.m in Sources */ = {isa = PBXBuildFile; fileRef = F40974F01B5FD27A00147D41 /* AFURLRequestSerialization.m */; };
		F40974FC1B5FD27A00147D41 /* AFURLResponseSerialization.m in Sources */ = {isa = PBXBuildFile; fileRef = F40974F21B5FD27A00147D41 /* AFURLResponseSerialization.m */; };
		F40974FD1B5FD27A00147D41 /* AFURLSessionManager.m in Sources */ = {isa = PBXBuildFile; fileRef = F40974F41B5FD27A00147D41 /* AFURLSessionManager.m */; };
		F40975001B5FD31000147D41 /* DMMovieViewModel.m in Sources */ = {isa = PBXBuildFile; fileRef = F40974FF1B5FD31000147D41 /* DMMovieViewModel.m */; };
		F480198A1B0B22DE007ACD34 /* DMTheaterMovieViewController.m in Sources */ = {isa = PBXBuildFile; fileRef = F48019891B0B22DE007ACD34 /* DMTheaterMovieViewController.m */; };
		F480198D1B0B22FE007ACD34 /* DMUpcomingMovieViewController.m in Sources */ = {isa = PBXBuildFile; fileRef = F480198C1B0B22FE007ACD34 /* DMUpcomingMovieViewController.m */; };
		F48CE4EE1B01D3BA000628FF /* AppDelegate.m in Sources */ = {isa = PBXBuildFile; fileRef = F48CE4ED1B01D3BA000628FF /* AppDelegate.m */; };
		F48CE4F11B01D3F1000628FF /* DMTableViewController.m in Sources */ = {isa = PBXBuildFile; fileRef = F48CE4F01B01D3F1000628FF /* DMTableViewController.m */; };
		F4A071841AF3BA31003ABFB3 /* main.m in Sources */ = {isa = PBXBuildFile; fileRef = F4A071831AF3BA31003ABFB3 /* main.m */; };
		F4A0718D1AF3BA31003ABFB3 /* Main.storyboard in Resources */ = {isa = PBXBuildFile; fileRef = F4A0718B1AF3BA31003ABFB3 /* Main.storyboard */; };
		F4A0718F1AF3BA31003ABFB3 /* Images.xcassets in Resources */ = {isa = PBXBuildFile; fileRef = F4A0718E1AF3BA31003ABFB3 /* Images.xcassets */; };
		F4A071921AF3BA31003ABFB3 /* LaunchScreen.xib in Resources */ = {isa = PBXBuildFile; fileRef = F4A071901AF3BA31003ABFB3 /* LaunchScreen.xib */; };
		F4A0719E1AF3BA31003ABFB3 /* MovieTests.m in Sources */ = {isa = PBXBuildFile; fileRef = F4A0719D1AF3BA31003ABFB3 /* MovieTests.m */; };
		F4FDA8061AFF9BE8006C197D /* DMViewController.m in Sources */ = {isa = PBXBuildFile; fileRef = F4FDA8051AFF9BE8006C197D /* DMViewController.m */; };
		F4FDA8091AFF9CB5006C197D /* DMHomeViewController.m in Sources */ = {isa = PBXBuildFile; fileRef = F4FDA8081AFF9CB5006C197D /* DMHomeViewController.m */; };
		F4FDA80C1AFF9CD3006C197D /* DMMovieViewController.m in Sources */ = {isa = PBXBuildFile; fileRef = F4FDA80B1AFF9CD3006C197D /* DMMovieViewController.m */; };
		F4FDA80F1AFF9D05006C197D /* DMSettingsViewController.m in Sources */ = {isa = PBXBuildFile; fileRef = F4FDA80E1AFF9D05006C197D /* DMSettingsViewController.m */; };
		F4FDA8121AFF9D9A006C197D /* DMCommentViewController.m in Sources */ = {isa = PBXBuildFile; fileRef = F4FDA8111AFF9D9A006C197D /* DMCommentViewController.m */; };
/* End PBXBuildFile section */

/* Begin PBXContainerItemProxy section */
		F4A071981AF3BA31003ABFB3 /* PBXContainerItemProxy */ = {
			isa = PBXContainerItemProxy;
			containerPortal = F4A071761AF3BA31003ABFB3 /* Project object */;
			proxyType = 1;
			remoteGlobalIDString = F4A0717D1AF3BA31003ABFB3;
			remoteInfo = Movie;
		};
/* End PBXContainerItemProxy section */

/* Begin PBXFileReference section */
		F40974D81B5FD02100147D41 /* DMMovie.h */ = {isa = PBXFileReference; fileEncoding = 4; lastKnownFileType = sourcecode.c.h; path = DMMovie.h; sourceTree = "<group>"; };
		F40974D91B5FD02100147D41 /* DMMovie.m */ = {isa = PBXFileReference; fileEncoding = 4; lastKnownFileType = sourcecode.c.objc; path = DMMovie.m; sourceTree = "<group>"; };
		F40974DB1B5FD03A00147D41 /* DMUser.h */ = {isa = PBXFileReference; fileEncoding = 4; lastKnownFileType = sourcecode.c.h; path = DMUser.h; sourceTree = "<group>"; };
		F40974DC1B5FD03A00147D41 /* DMUser.m */ = {isa = PBXFileReference; fileEncoding = 4; lastKnownFileType = sourcecode.c.objc; path = DMUser.m; sourceTree = "<group>"; };
		F40974DE1B5FD04A00147D41 /* DMComment.h */ = {isa = PBXFileReference; fileEncoding = 4; lastKnownFileType = sourcecode.c.h; path = DMComment.h; sourceTree = "<group>"; };
		F40974DF1B5FD04A00147D41 /* DMComment.m */ = {isa = PBXFileReference; fileEncoding = 4; lastKnownFileType = sourcecode.c.objc; path = DMComment.m; sourceTree = "<group>"; };
		F40974E21B5FD27A00147D41 /* AFHTTPRequestOperation.h */ = {isa = PBXFileReference; fileEncoding = 4; lastKnownFileType = sourcecode.c.h; path = AFHTTPRequestOperation.h; sourceTree = "<group>"; };
		F40974E31B5FD27A00147D41 /* AFHTTPRequestOperation.m */ = {isa = PBXFileReference; fileEncoding = 4; lastKnownFileType = sourcecode.c.objc; path = AFHTTPRequestOperation.m; sourceTree = "<group>"; };
		F40974E41B5FD27A00147D41 /* AFHTTPRequestOperationManager.h */ = {isa = PBXFileReference; fileEncoding = 4; lastKnownFileType = sourcecode.c.h; path = AFHTTPRequestOperationManager.h; sourceTree = "<group>"; };
		F40974E51B5FD27A00147D41 /* AFHTTPRequestOperationManager.m */ = {isa = PBXFileReference; fileEncoding = 4; lastKnownFileType = sourcecode.c.objc; path = AFHTTPRequestOperationManager.m; sourceTree = "<group>"; };
		F40974E61B5FD27A00147D41 /* AFHTTPSessionManager.h */ = {isa = PBXFileReference; fileEncoding = 4; lastKnownFileType = sourcecode.c.h; path = AFHTTPSessionManager.h; sourceTree = "<group>"; };
		F40974E71B5FD27A00147D41 /* AFHTTPSessionManager.m */ = {isa = PBXFileReference; fileEncoding = 4; lastKnownFileType = sourcecode.c.objc; path = AFHTTPSessionManager.m; sourceTree = "<group>"; };
		F40974E81B5FD27A00147D41 /* AFNetworking.h */ = {isa = PBXFileReference; fileEncoding = 4; lastKnownFileType = sourcecode.c.h; path = AFNetworking.h; sourceTree = "<group>"; };
		F40974E91B5FD27A00147D41 /* AFNetworkReachabilityManager.h */ = {isa = PBXFileReference; fileEncoding = 4; lastKnownFileType = sourcecode.c.h; path = AFNetworkReachabilityManager.h; sourceTree = "<group>"; };
		F40974EA1B5FD27A00147D41 /* AFNetworkReachabilityManager.m */ = {isa = PBXFileReference; fileEncoding = 4; lastKnownFileType = sourcecode.c.objc; path = AFNetworkReachabilityManager.m; sourceTree = "<group>"; };
		F40974EB1B5FD27A00147D41 /* AFSecurityPolicy.h */ = {isa = PBXFileReference; fileEncoding = 4; lastKnownFileType = sourcecode.c.h; path = AFSecurityPolicy.h; sourceTree = "<group>"; };
		F40974EC1B5FD27A00147D41 /* AFSecurityPolicy.m */ = {isa = PBXFileReference; fileEncoding = 4; lastKnownFileType = sourcecode.c.objc; path = AFSecurityPolicy.m; sourceTree = "<group>"; };
		F40974ED1B5FD27A00147D41 /* AFURLConnectionOperation.h */ = {isa = PBXFileReference; fileEncoding = 4; lastKnownFileType = sourcecode.c.h; path = AFURLConnectionOperation.h; sourceTree = "<group>"; };
		F40974EE1B5FD27A00147D41 /* AFURLConnectionOperation.m */ = {isa = PBXFileReference; fileEncoding = 4; lastKnownFileType = sourcecode.c.objc; path = AFURLConnectionOperation.m; sourceTree = "<group>"; };
		F40974EF1B5FD27A00147D41 /* AFURLRequestSerialization.h */ = {isa = PBXFileReference; fileEncoding = 4; lastKnownFileType = sourcecode.c.h; path = AFURLRequestSerialization.h; sourceTree = "<group>"; };
		F40974F01B5FD27A00147D41 /* AFURLRequestSerialization.m */ = {isa = PBXFileReference; fileEncoding = 4; lastKnownFileType = sourcecode.c.objc; path = AFURLRequestSerialization.m; sourceTree = "<group>"; };
		F40974F11B5FD27A00147D41 /* AFURLResponseSerialization.h */ = {isa = PBXFileReference; fileEncoding = 4; lastKnownFileType = sourcecode.c.h; path = AFURLResponseSerialization.h; sourceTree = "<group>"; };
		F40974F21B5FD27A00147D41 /* AFURLResponseSerialization.m */ = {isa = PBXFileReference; fileEncoding = 4; lastKnownFileType = sourcecode.c.objc; path = AFURLResponseSerialization.m; sourceTree = "<group>"; };
		F40974F31B5FD27A00147D41 /* AFURLSessionManager.h */ = {isa = PBXFileReference; fileEncoding = 4; lastKnownFileType = sourcecode.c.h; path = AFURLSessionManager.h; sourceTree = "<group>"; };
		F40974F41B5FD27A00147D41 /* AFURLSessionManager.m */ = {isa = PBXFileReference; fileEncoding = 4; lastKnownFileType = sourcecode.c.objc; path = AFURLSessionManager.m; sourceTree = "<group>"; };
		F40974FE1B5FD31000147D41 /* DMMovieViewModel.h */ = {isa = PBXFileReference; fileEncoding = 4; lastKnownFileType = sourcecode.c.h; path = DMMovieViewModel.h; sourceTree = "<group>"; };
		F40974FF1B5FD31000147D41 /* DMMovieViewModel.m */ = {isa = PBXFileReference; fileEncoding = 4; lastKnownFileType = sourcecode.c.objc; path = DMMovieViewModel.m; sourceTree = "<group>"; };
		F48019881B0B22DE007ACD34 /* DMTheaterMovieViewController.h */ = {isa = PBXFileReference; fileEncoding = 4; lastKnownFileType = sourcecode.c.h; path = DMTheaterMovieViewController.h; sourceTree = "<group>"; };
		F48019891B0B22DE007ACD34 /* DMTheaterMovieViewController.m */ = {isa = PBXFileReference; fileEncoding = 4; lastKnownFileType = sourcecode.c.objc; path = DMTheaterMovieViewController.m; sourceTree = "<group>"; };
		F480198B1B0B22FE007ACD34 /* DMUpcomingMovieViewController.h */ = {isa = PBXFileReference; fileEncoding = 4; lastKnownFileType = sourcecode.c.h; path = DMUpcomingMovieViewController.h; sourceTree = "<group>"; };
		F480198C1B0B22FE007ACD34 /* DMUpcomingMovieViewController.m */ = {isa = PBXFileReference; fileEncoding = 4; lastKnownFileType = sourcecode.c.objc; path = DMUpcomingMovieViewController.m; sourceTree = "<group>"; };
		F48CE4EC1B01D3BA000628FF /* AppDelegate.h */ = {isa = PBXFileReference; fileEncoding = 4; lastKnownFileType = sourcecode.c.h; path = AppDelegate.h; sourceTree = "<group>"; };
		F48CE4ED1B01D3BA000628FF /* AppDelegate.m */ = {isa = PBXFileReference; fileEncoding = 4; lastKnownFileType = sourcecode.c.objc; path = AppDelegate.m; sourceTree = "<group>"; };
		F48CE4EF1B01D3F1000628FF /* DMTableViewController.h */ = {isa = PBXFileReference; fileEncoding = 4; lastKnownFileType = sourcecode.c.h; path = DMTableViewController.h; sourceTree = "<group>"; };
		F48CE4F01B01D3F1000628FF /* DMTableViewController.m */ = {isa = PBXFileReference; fileEncoding = 4; lastKnownFileType = sourcecode.c.objc; path = DMTableViewController.m; sourceTree = "<group>"; };
		F4A0717E1AF3BA31003ABFB3 /* Movie.app */ = {isa = PBXFileReference; explicitFileType = wrapper.application; includeInIndex = 0; path = Movie.app; sourceTree = BUILT_PRODUCTS_DIR; };
		F4A071821AF3BA31003ABFB3 /* Info.plist */ = {isa = PBXFileReference; lastKnownFileType = text.plist.xml; path = Info.plist; sourceTree = "<group>"; };
		F4A071831AF3BA31003ABFB3 /* main.m */ = {isa = PBXFileReference; lastKnownFileType = sourcecode.c.objc; path = main.m; sourceTree = "<group>"; };
		F4A0718C1AF3BA31003ABFB3 /* Base */ = {isa = PBXFileReference; lastKnownFileType = file.storyboard; name = Base; path = Base.lproj/Main.storyboard; sourceTree = "<group>"; };
		F4A0718E1AF3BA31003ABFB3 /* Images.xcassets */ = {isa = PBXFileReference; lastKnownFileType = folder.assetcatalog; path = Images.xcassets; sourceTree = "<group>"; };
		F4A071911AF3BA31003ABFB3 /* Base */ = {isa = PBXFileReference; lastKnownFileType = file.xib; name = Base; path = Base.lproj/LaunchScreen.xib; sourceTree = "<group>"; };
		F4A071971AF3BA31003ABFB3 /* MovieTests.xctest */ = {isa = PBXFileReference; explicitFileType = wrapper.cfbundle; includeInIndex = 0; path = MovieTests.xctest; sourceTree = BUILT_PRODUCTS_DIR; };
		F4A0719C1AF3BA31003ABFB3 /* Info.plist */ = {isa = PBXFileReference; lastKnownFileType = text.plist.xml; path = Info.plist; sourceTree = "<group>"; };
		F4A0719D1AF3BA31003ABFB3 /* MovieTests.m */ = {isa = PBXFileReference; lastKnownFileType = sourcecode.c.objc; path = MovieTests.m; sourceTree = "<group>"; };
		F4FDA8041AFF9BE8006C197D /* DMViewController.h */ = {isa = PBXFileReference; fileEncoding = 4; lastKnownFileType = sourcecode.c.h; path = DMViewController.h; sourceTree = "<group>"; };
		F4FDA8051AFF9BE8006C197D /* DMViewController.m */ = {isa = PBXFileReference; fileEncoding = 4; lastKnownFileType = sourcecode.c.objc; path = DMViewController.m; sourceTree = "<group>"; };
		F4FDA8071AFF9CB5006C197D /* DMHomeViewController.h */ = {isa = PBXFileReference; fileEncoding = 4; lastKnownFileType = sourcecode.c.h; path = DMHomeViewController.h; sourceTree = "<group>"; };
		F4FDA8081AFF9CB5006C197D /* DMHomeViewController.m */ = {isa = PBXFileReference; fileEncoding = 4; lastKnownFileType = sourcecode.c.objc; path = DMHomeViewController.m; sourceTree = "<group>"; };
		F4FDA80A1AFF9CD3006C197D /* DMMovieViewController.h */ = {isa = PBXFileReference; fileEncoding = 4; lastKnownFileType = sourcecode.c.h; path = DMMovieViewController.h; sourceTree = "<group>"; };
		F4FDA80B1AFF9CD3006C197D /* DMMovieViewController.m */ = {isa = PBXFileReference; fileEncoding = 4; lastKnownFileType = sourcecode.c.objc; path = DMMovieViewController.m; sourceTree = "<group>"; };
		F4FDA80D1AFF9D05006C197D /* DMSettingsViewController.h */ = {isa = PBXFileReference; fileEncoding = 4; lastKnownFileType = sourcecode.c.h; path = DMSettingsViewController.h; sourceTree = "<group>"; };
		F4FDA80E1AFF9D05006C197D /* DMSettingsViewController.m */ = {isa = PBXFileReference; fileEncoding = 4; lastKnownFileType = sourcecode.c.objc; path = DMSettingsViewController.m; sourceTree = "<group>"; };
		F4FDA8101AFF9D9A006C197D /* DMCommentViewController.h */ = {isa = PBXFileReference; fileEncoding = 4; lastKnownFileType = sourcecode.c.h; path = DMCommentViewController.h; sourceTree = "<group>"; };
		F4FDA8111AFF9D9A006C197D /* DMCommentViewController.m */ = {isa = PBXFileReference; fileEncoding = 4; lastKnownFileType = sourcecode.c.objc; path = DMCommentViewController.m; sourceTree = "<group>"; };
		F4FDA8131AFF9DB1006C197D /* Config.h */ = {isa = PBXFileReference; lastKnownFileType = sourcecode.c.h; path = Config.h; sourceTree = "<group>"; };
/* End PBXFileReference section */

/* Begin PBXFrameworksBuildPhase section */
		F4A0717B1AF3BA31003ABFB3 /* Frameworks */ = {
			isa = PBXFrameworksBuildPhase;
			buildActionMask = 2147483647;
			files = (
			);
			runOnlyForDeploymentPostprocessing = 0;
		};
		F4A071941AF3BA31003ABFB3 /* Frameworks */ = {
			isa = PBXFrameworksBuildPhase;
			buildActionMask = 2147483647;
			files = (
			);
			runOnlyForDeploymentPostprocessing = 0;
		};
/* End PBXFrameworksBuildPhase section */

/* Begin PBXGroup section */
		F40974D31B5FCFD800147D41 /* Common-UI */ = {
			isa = PBXGroup;
			children = (
			);
			path = "Common-UI";
			sourceTree = "<group>";
		};
		F40974D41B5FCFD800147D41 /* Common-Core */ = {
			isa = PBXGroup;
			children = (
			);
			path = "Common-Core";
			sourceTree = "<group>";
		};
		F40974D51B5FCFD800147D41 /* Models */ = {
			isa = PBXGroup;
			children = (
				F40974D81B5FD02100147D41 /* DMMovie.h */,
				F40974D91B5FD02100147D41 /* DMMovie.m */,
				F40974DE1B5FD04A00147D41 /* DMComment.h */,
				F40974DF1B5FD04A00147D41 /* DMComment.m */,
				F40974DB1B5FD03A00147D41 /* DMUser.h */,
				F40974DC1B5FD03A00147D41 /* DMUser.m */,
			);
			path = Models;
			sourceTree = "<group>";
		};
		F40974D61B5FCFD800147D41 /* Vendor */ = {
			isa = PBXGroup;
			children = (
				F40974E11B5FD27A00147D41 /* AFNetworking-2.5.4 */,
			);
			path = Vendor;
			sourceTree = "<group>";
		};
		F40974D71B5FCFD800147D41 /* Networking */ = {
			isa = PBXGroup;
			children = (
			);
			path = Networking;
			sourceTree = "<group>";
		};
		F40974E11B5FD27A00147D41 /* AFNetworking-2.5.4 */ = {
			isa = PBXGroup;
			children = (
				F40974E21B5FD27A00147D41 /* AFHTTPRequestOperation.h */,
				F40974E31B5FD27A00147D41 /* AFHTTPRequestOperation.m */,
				F40974E41B5FD27A00147D41 /* AFHTTPRequestOperationManager.h */,
				F40974E51B5FD27A00147D41 /* AFHTTPRequestOperationManager.m */,
				F40974E61B5FD27A00147D41 /* AFHTTPSessionManager.h */,
				F40974E71B5FD27A00147D41 /* AFHTTPSessionManager.m */,
				F40974E81B5FD27A00147D41 /* AFNetworking.h */,
				F40974E91B5FD27A00147D41 /* AFNetworkReachabilityManager.h */,
				F40974EA1B5FD27A00147D41 /* AFNetworkReachabilityManager.m */,
				F40974EB1B5FD27A00147D41 /* AFSecurityPolicy.h */,
				F40974EC1B5FD27A00147D41 /* AFSecurityPolicy.m */,
				F40974ED1B5FD27A00147D41 /* AFURLConnectionOperation.h */,
				F40974EE1B5FD27A00147D41 /* AFURLConnectionOperation.m */,
				F40974EF1B5FD27A00147D41 /* AFURLRequestSerialization.h */,
				F40974F01B5FD27A00147D41 /* AFURLRequestSerialization.m */,
				F40974F11B5FD27A00147D41 /* AFURLResponseSerialization.h */,
				F40974F21B5FD27A00147D41 /* AFURLResponseSerialization.m */,
				F40974F31B5FD27A00147D41 /* AFURLSessionManager.h */,
				F40974F41B5FD27A00147D41 /* AFURLSessionManager.m */,
			);
			path = "AFNetworking-2.5.4";
			sourceTree = "<group>";
		};
		F48CE4EB1B01D3BA000628FF /* App */ = {
			isa = PBXGroup;
			children = (
				F48CE4EC1B01D3BA000628FF /* AppDelegate.h */,
				F48CE4ED1B01D3BA000628FF /* AppDelegate.m */,
			);
			path = App;
			sourceTree = "<group>";
		};
		F4A071751AF3BA31003ABFB3 = {
			isa = PBXGroup;
			children = (
				F4A071801AF3BA31003ABFB3 /* Movie */,
				F4A0719A1AF3BA31003ABFB3 /* MovieTests */,
				F4A0717F1AF3BA31003ABFB3 /* Products */,
			);
			sourceTree = "<group>";
		};
		F4A0717F1AF3BA31003ABFB3 /* Products */ = {
			isa = PBXGroup;
			children = (
				F4A0717E1AF3BA31003ABFB3 /* Movie.app */,
				F4A071971AF3BA31003ABFB3 /* MovieTests.xctest */,
			);
			name = Products;
			sourceTree = "<group>";
		};
		F4A071801AF3BA31003ABFB3 /* Movie */ = {
			isa = PBXGroup;
			children = (
				F48CE4EB1B01D3BA000628FF /* App */,
				F4FDA7FB1AFF9653006C197D /* UI */,
				F40974D51B5FCFD800147D41 /* Models */,
				F40974D71B5FCFD800147D41 /* Networking */,
				F4FDA7FD1AFF996E006C197D /* Config */,
				F40974D31B5FCFD800147D41 /* Common-UI */,
				F40974D41B5FCFD800147D41 /* Common-Core */,
				F40974D61B5FCFD800147D41 /* Vendor */,
				F4A0718B1AF3BA31003ABFB3 /* Main.storyboard */,
				F4A0718E1AF3BA31003ABFB3 /* Images.xcassets */,
				F4A071901AF3BA31003ABFB3 /* LaunchScreen.xib */,
				F4A071811AF3BA31003ABFB3 /* Supporting Files */,
			);
			path = Movie;
			sourceTree = "<group>";
		};
		F4A071811AF3BA31003ABFB3 /* Supporting Files */ = {
			isa = PBXGroup;
			children = (
				F4A071821AF3BA31003ABFB3 /* Info.plist */,
				F4A071831AF3BA31003ABFB3 /* main.m */,
			);
			name = "Supporting Files";
			sourceTree = "<group>";
		};
		F4A0719A1AF3BA31003ABFB3 /* MovieTests */ = {
			isa = PBXGroup;
			children = (
				F4A0719D1AF3BA31003ABFB3 /* MovieTests.m */,
				F4A0719B1AF3BA31003ABFB3 /* Supporting Files */,
			);
			path = MovieTests;
			sourceTree = "<group>";
		};
		F4A0719B1AF3BA31003ABFB3 /* Supporting Files */ = {
			isa = PBXGroup;
			children = (
				F4A0719C1AF3BA31003ABFB3 /* Info.plist */,
			);
			name = "Supporting Files";
			sourceTree = "<group>";
		};
		F4FDA7FB1AFF9653006C197D /* UI */ = {
			isa = PBXGroup;
			children = (
				F4FDA8031AFF99F3006C197D /* Root */,
				F4FDA8001AFF99C2006C197D /* Home */,
				F4FDA8011AFF99C2006C197D /* Movie */,
				F4FDA7FF1AFF99C2006C197D /* Comment */,
				F4FDA8021AFF99C2006C197D /* Settings */,
			);
			path = UI;
			sourceTree = "<group>";
		};
		F4FDA7FD1AFF996E006C197D /* Config */ = {
			isa = PBXGroup;
			children = (
				F4FDA8131AFF9DB1006C197D /* Config.h */,
			);
			path = Config;
			sourceTree = "<group>";
		};
		F4FDA7FF1AFF99C2006C197D /* Comment */ = {
			isa = PBXGroup;
			children = (
				F4FDA8101AFF9D9A006C197D /* DMCommentViewController.h */,
				F4FDA8111AFF9D9A006C197D /* DMCommentViewController.m */,
			);
			path = Comment;
			sourceTree = "<group>";
		};
		F4FDA8001AFF99C2006C197D /* Home */ = {
			isa = PBXGroup;
			children = (
				F4FDA8071AFF9CB5006C197D /* DMHomeViewController.h */,
				F4FDA8081AFF9CB5006C197D /* DMHomeViewController.m */,
			);
			path = Home;
			sourceTree = "<group>";
		};
		F4FDA8011AFF99C2006C197D /* Movie */ = {
			isa = PBXGroup;
			children = (
				F40974FE1B5FD31000147D41 /* DMMovieViewModel.h */,
				F40974FF1B5FD31000147D41 /* DMMovieViewModel.m */,
				F4FDA80A1AFF9CD3006C197D /* DMMovieViewController.h */,
				F4FDA80B1AFF9CD3006C197D /* DMMovieViewController.m */,
				F48019881B0B22DE007ACD34 /* DMTheaterMovieViewController.h */,
				F48019891B0B22DE007ACD34 /* DMTheaterMovieViewController.m */,
				F480198B1B0B22FE007ACD34 /* DMUpcomingMovieViewController.h */,
				F480198C1B0B22FE007ACD34 /* DMUpcomingMovieViewController.m */,
			);
			path = Movie;
			sourceTree = "<group>";
		};
		F4FDA8021AFF99C2006C197D /* Settings */ = {
			isa = PBXGroup;
			children = (
				F4FDA80D1AFF9D05006C197D /* DMSettingsViewController.h */,
				F4FDA80E1AFF9D05006C197D /* DMSettingsViewController.m */,
			);
			path = Settings;
			sourceTree = "<group>";
		};
		F4FDA8031AFF99F3006C197D /* Root */ = {
			isa = PBXGroup;
			children = (
				F4FDA8041AFF9BE8006C197D /* DMViewController.h */,
				F4FDA8051AFF9BE8006C197D /* DMViewController.m */,
				F48CE4EF1B01D3F1000628FF /* DMTableViewController.h */,
				F48CE4F01B01D3F1000628FF /* DMTableViewController.m */,
			);
			path = Root;
			sourceTree = "<group>";
		};
/* End PBXGroup section */

/* Begin PBXNativeTarget section */
		F4A0717D1AF3BA31003ABFB3 /* Movie */ = {
			isa = PBXNativeTarget;
			buildConfigurationList = F4A071A11AF3BA31003ABFB3 /* Build configuration list for PBXNativeTarget "Movie" */;
			buildPhases = (
				F4A0717A1AF3BA31003ABFB3 /* Sources */,
				F4A0717B1AF3BA31003ABFB3 /* Frameworks */,
				F4A0717C1AF3BA31003ABFB3 /* Resources */,
			);
			buildRules = (
			);
			dependencies = (
			);
			name = Movie;
			productName = Movie;
			productReference = F4A0717E1AF3BA31003ABFB3 /* Movie.app */;
			productType = "com.apple.product-type.application";
		};
		F4A071961AF3BA31003ABFB3 /* MovieTests */ = {
			isa = PBXNativeTarget;
			buildConfigurationList = F4A071A41AF3BA31003ABFB3 /* Build configuration list for PBXNativeTarget "MovieTests" */;
			buildPhases = (
				F4A071931AF3BA31003ABFB3 /* Sources */,
				F4A071941AF3BA31003ABFB3 /* Frameworks */,
				F4A071951AF3BA31003ABFB3 /* Resources */,
			);
			buildRules = (
			);
			dependencies = (
				F4A071991AF3BA31003ABFB3 /* PBXTargetDependency */,
			);
			name = MovieTests;
			productName = MovieTests;
			productReference = F4A071971AF3BA31003ABFB3 /* MovieTests.xctest */;
			productType = "com.apple.product-type.bundle.unit-test";
		};
/* End PBXNativeTarget section */

/* Begin PBXProject section */
		F4A071761AF3BA31003ABFB3 /* Project object */ = {
			isa = PBXProject;
			attributes = {
				LastUpgradeCheck = 0610;
				ORGANIZATIONNAME = KiloApp;
				TargetAttributes = {
					F4A0717D1AF3BA31003ABFB3 = {
						CreatedOnToolsVersion = 6.1;
					};
					F4A071961AF3BA31003ABFB3 = {
						CreatedOnToolsVersion = 6.1;
						TestTargetID = F4A0717D1AF3BA31003ABFB3;
					};
				};
			};
			buildConfigurationList = F4A071791AF3BA31003ABFB3 /* Build configuration list for PBXProject "Movie" */;
			compatibilityVersion = "Xcode 3.2";
			developmentRegion = English;
			hasScannedForEncodings = 0;
			knownRegions = (
				en,
				Base,
			);
			mainGroup = F4A071751AF3BA31003ABFB3;
			productRefGroup = F4A0717F1AF3BA31003ABFB3 /* Products */;
			projectDirPath = "";
			projectRoot = "";
			targets = (
				F4A0717D1AF3BA31003ABFB3 /* Movie */,
				F4A071961AF3BA31003ABFB3 /* MovieTests */,
			);
		};
/* End PBXProject section */

/* Begin PBXResourcesBuildPhase section */
		F4A0717C1AF3BA31003ABFB3 /* Resources */ = {
			isa = PBXResourcesBuildPhase;
			buildActionMask = 2147483647;
			files = (
				F4A0718D1AF3BA31003ABFB3 /* Main.storyboard in Resources */,
				F4A071921AF3BA31003ABFB3 /* LaunchScreen.xib in Resources */,
				F4A0718F1AF3BA31003ABFB3 /* Images.xcassets in Resources */,
			);
			runOnlyForDeploymentPostprocessing = 0;
		};
		F4A071951AF3BA31003ABFB3 /* Resources */ = {
			isa = PBXResourcesBuildPhase;
			buildActionMask = 2147483647;
			files = (
			);
			runOnlyForDeploymentPostprocessing = 0;
		};
/* End PBXResourcesBuildPhase section */

/* Begin PBXSourcesBuildPhase section */
		F4A0717A1AF3BA31003ABFB3 /* Sources */ = {
			isa = PBXSourcesBuildPhase;
			buildActionMask = 2147483647;
			files = (
				F4FDA8091AFF9CB5006C197D /* DMHomeViewController.m in Sources */,
				F4FDA80F1AFF9D05006C197D /* DMSettingsViewController.m in Sources */,
				F40974F61B5FD27A00147D41 /* AFHTTPRequestOperationManager.m in Sources */,
				F480198D1B0B22FE007ACD34 /* DMUpcomingMovieViewController.m in Sources */,
				F40974FA1B5FD27A00147D41 /* AFURLConnectionOperation.m in Sources */,
				F4FDA8061AFF9BE8006C197D /* DMViewController.m in Sources */,
				F480198A1B0B22DE007ACD34 /* DMTheaterMovieViewController.m in Sources */,
				F40974FB1B5FD27A00147D41 /* AFURLRequestSerialization.m in Sources */,
				F40975001B5FD31000147D41 /* DMMovieViewModel.m in Sources */,
				F48CE4EE1B01D3BA000628FF /* AppDelegate.m in Sources */,
				F40974F71B5FD27A00147D41 /* AFHTTPSessionManager.m in Sources */,
				F40974F51B5FD27A00147D41 /* AFHTTPRequestOperation.m in Sources */,
				F40974E01B5FD04A00147D41 /* DMComment.m in Sources */,
				F40974F91B5FD27A00147D41 /* AFSecurityPolicy.m in Sources */,
				F4FDA80C1AFF9CD3006C197D /* DMMovieViewController.m in Sources */,
				F40974F81B5FD27A00147D41 /* AFNetworkReachabilityManager.m in Sources */,
				F40974FD1B5FD27A00147D41 /* AFURLSessionManager.m in Sources */,
				F40974DD1B5FD03A00147D41 /* DMUser.m in Sources */,
				F4A071841AF3BA31003ABFB3 /* main.m in Sources */,
				F40974DA1B5FD02100147D41 /* DMMovie.m in Sources */,
				F4FDA8121AFF9D9A006C197D /* DMCommentViewController.m in Sources */,
				F40974FC1B5FD27A00147D41 /* AFURLResponseSerialization.m in Sources */,
				F48CE4F11B01D3F1000628FF /* DMTableViewController.m in Sources */,
			);
			runOnlyForDeploymentPostprocessing = 0;
		};
		F4A071931AF3BA31003ABFB3 /* Sources */ = {
			isa = PBXSourcesBuildPhase;
			buildActionMask = 2147483647;
			files = (
				F4A0719E1AF3BA31003ABFB3 /* MovieTests.m in Sources */,
			);
			runOnlyForDeploymentPostprocessing = 0;
		};
/* End PBXSourcesBuildPhase section */

/* Begin PBXTargetDependency section */
		F4A071991AF3BA31003ABFB3 /* PBXTargetDependency */ = {
			isa = PBXTargetDependency;
			target = F4A0717D1AF3BA31003ABFB3 /* Movie */;
			targetProxy = F4A071981AF3BA31003ABFB3 /* PBXContainerItemProxy */;
		};
/* End PBXTargetDependency section */

/* Begin PBXVariantGroup section */
		F4A0718B1AF3BA31003ABFB3 /* Main.storyboard */ = {
			isa = PBXVariantGroup;
			children = (
				F4A0718C1AF3BA31003ABFB3 /* Base */,
			);
			name = Main.storyboard;
			sourceTree = "<group>";
		};
		F4A071901AF3BA31003ABFB3 /* LaunchScreen.xib */ = {
			isa = PBXVariantGroup;
			children = (
				F4A071911AF3BA31003ABFB3 /* Base */,
			);
			name = LaunchScreen.xib;
			sourceTree = "<group>";
		};
/* End PBXVariantGroup section */

/* Begin XCBuildConfiguration section */
		F4A0719F1AF3BA31003ABFB3 /* Debug */ = {
			isa = XCBuildConfiguration;
			buildSettings = {
				ALWAYS_SEARCH_USER_PATHS = NO;
				CLANG_CXX_LANGUAGE_STANDARD = "gnu++0x";
				CLANG_CXX_LIBRARY = "libc++";
				CLANG_ENABLE_MODULES = YES;
				CLANG_ENABLE_OBJC_ARC = YES;
				CLANG_WARN_BOOL_CONVERSION = YES;
				CLANG_WARN_CONSTANT_CONVERSION = YES;
				CLANG_WARN_DIRECT_OBJC_ISA_USAGE = YES_ERROR;
				CLANG_WARN_EMPTY_BODY = YES;
				CLANG_WARN_ENUM_CONVERSION = YES;
				CLANG_WARN_INT_CONVERSION = YES;
				CLANG_WARN_OBJC_ROOT_CLASS = YES_ERROR;
				CLANG_WARN_UNREACHABLE_CODE = YES;
				CLANG_WARN__DUPLICATE_METHOD_MATCH = YES;
				"CODE_SIGN_IDENTITY[sdk=iphoneos*]" = "iPhone Developer";
				COPY_PHASE_STRIP = NO;
				ENABLE_STRICT_OBJC_MSGSEND = YES;
				GCC_C_LANGUAGE_STANDARD = gnu99;
				GCC_DYNAMIC_NO_PIC = NO;
				GCC_OPTIMIZATION_LEVEL = 0;
				GCC_PREPROCESSOR_DEFINITIONS = (
					"DEBUG=1",
					"$(inherited)",
				);
				GCC_SYMBOLS_PRIVATE_EXTERN = NO;
				GCC_WARN_64_TO_32_BIT_CONVERSION = YES;
				GCC_WARN_ABOUT_RETURN_TYPE = YES_ERROR;
				GCC_WARN_UNDECLARED_SELECTOR = YES;
				GCC_WARN_UNINITIALIZED_AUTOS = YES_AGGRESSIVE;
				GCC_WARN_UNUSED_FUNCTION = YES;
				GCC_WARN_UNUSED_VARIABLE = YES;
				IPHONEOS_DEPLOYMENT_TARGET = 8.1;
				MTL_ENABLE_DEBUG_INFO = YES;
				ONLY_ACTIVE_ARCH = YES;
				SDKROOT = iphoneos;
				TARGETED_DEVICE_FAMILY = "1,2";
			};
			name = Debug;
		};
		F4A071A01AF3BA31003ABFB3 /* Release */ = {
			isa = XCBuildConfiguration;
			buildSettings = {
				ALWAYS_SEARCH_USER_PATHS = NO;
				CLANG_CXX_LANGUAGE_STANDARD = "gnu++0x";
				CLANG_CXX_LIBRARY = "libc++";
				CLANG_ENABLE_MODULES = YES;
				CLANG_ENABLE_OBJC_ARC = YES;
				CLANG_WARN_BOOL_CONVERSION = YES;
				CLANG_WARN_CONSTANT_CONVERSION = YES;
				CLANG_WARN_DIRECT_OBJC_ISA_USAGE = YES_ERROR;
				CLANG_WARN_EMPTY_BODY = YES;
				CLANG_WARN_ENUM_CONVERSION = YES;
				CLANG_WARN_INT_CONVERSION = YES;
				CLANG_WARN_OBJC_ROOT_CLASS = YES_ERROR;
				CLANG_WARN_UNREACHABLE_CODE = YES;
				CLANG_WARN__DUPLICATE_METHOD_MATCH = YES;
				"CODE_SIGN_IDENTITY[sdk=iphoneos*]" = "iPhone Developer";
				COPY_PHASE_STRIP = YES;
				ENABLE_NS_ASSERTIONS = NO;
				ENABLE_STRICT_OBJC_MSGSEND = YES;
				GCC_C_LANGUAGE_STANDARD = gnu99;
				GCC_WARN_64_TO_32_BIT_CONVERSION = YES;
				GCC_WARN_ABOUT_RETURN_TYPE = YES_ERROR;
				GCC_WARN_UNDECLARED_SELECTOR = YES;
				GCC_WARN_UNINITIALIZED_AUTOS = YES_AGGRESSIVE;
				GCC_WARN_UNUSED_FUNCTION = YES;
				GCC_WARN_UNUSED_VARIABLE = YES;
				IPHONEOS_DEPLOYMENT_TARGET = 8.1;
				MTL_ENABLE_DEBUG_INFO = NO;
				SDKROOT = iphoneos;
				TARGETED_DEVICE_FAMILY = "1,2";
				VALIDATE_PRODUCT = YES;
			};
			name = Release;
		};
		F4A071A21AF3BA31003ABFB3 /* Debug */ = {
			isa = XCBuildConfiguration;
			buildSettings = {
				ASSETCATALOG_COMPILER_APPICON_NAME = AppIcon;
				INFOPLIST_FILE = Movie/Info.plist;
				IPHONEOS_DEPLOYMENT_TARGET = 7.0;
				LD_RUNPATH_SEARCH_PATHS = "$(inherited) @executable_path/Frameworks";
				PRODUCT_NAME = "$(TARGET_NAME)";
			};
			name = Debug;
		};
		F4A071A31AF3BA31003ABFB3 /* Release */ = {
			isa = XCBuildConfiguration;
			buildSettings = {
				ASSETCATALOG_COMPILER_APPICON_NAME = AppIcon;
				INFOPLIST_FILE = Movie/Info.plist;
				IPHONEOS_DEPLOYMENT_TARGET = 7.0;
				LD_RUNPATH_SEARCH_PATHS = "$(inherited) @executable_path/Frameworks";
				PRODUCT_NAME = "$(TARGET_NAME)";
			};
			name = Release;
		};
		F4A071A51AF3BA31003ABFB3 /* Debug */ = {
			isa = XCBuildConfiguration;
			buildSettings = {
				BUNDLE_LOADER = "$(TEST_HOST)";
				FRAMEWORK_SEARCH_PATHS = (
					"$(SDKROOT)/Developer/Library/Frameworks",
					"$(inherited)",
				);
				GCC_PREPROCESSOR_DEFINITIONS = (
					"DEBUG=1",
					"$(inherited)",
				);
				INFOPLIST_FILE = MovieTests/Info.plist;
				LD_RUNPATH_SEARCH_PATHS = "$(inherited) @executable_path/Frameworks @loader_path/Frameworks";
				PRODUCT_NAME = "$(TARGET_NAME)";
				TEST_HOST = "$(BUILT_PRODUCTS_DIR)/Movie.app/Movie";
			};
			name = Debug;
		};
		F4A071A61AF3BA31003ABFB3 /* Release */ = {
			isa = XCBuildConfiguration;
			buildSettings = {
				BUNDLE_LOADER = "$(TEST_HOST)";
				FRAMEWORK_SEARCH_PATHS = (
					"$(SDKROOT)/Developer/Library/Frameworks",
					"$(inherited)",
				);
				INFOPLIST_FILE = MovieTests/Info.plist;
				LD_RUNPATH_SEARCH_PATHS = "$(inherited) @executable_path/Frameworks @loader_path/Frameworks";
				PRODUCT_NAME = "$(TARGET_NAME)";
				TEST_HOST = "$(BUILT_PRODUCTS_DIR)/Movie.app/Movie";
			};
			name = Release;
		};
/* End XCBuildConfiguration section */

/* Begin XCConfigurationList section */
		F4A071791AF3BA31003ABFB3 /* Build configuration list for PBXProject "Movie" */ = {
			isa = XCConfigurationList;
			buildConfigurations = (
				F4A0719F1AF3BA31003ABFB3 /* Debug */,
				F4A071A01AF3BA31003ABFB3 /* Release */,
			);
			defaultConfigurationIsVisible = 0;
			defaultConfigurationName = Release;
		};
		F4A071A11AF3BA31003ABFB3 /* Build configuration list for PBXNativeTarget "Movie" */ = {
			isa = XCConfigurationList;
			buildConfigurations = (
				F4A071A21AF3BA31003ABFB3 /* Debug */,
				F4A071A31AF3BA31003ABFB3 /* Release */,
			);
			defaultConfigurationIsVisible = 0;
			defaultConfigurationName = Release;
		};
		F4A071A41AF3BA31003ABFB3 /* Build configuration list for PBXNativeTarget "MovieTests" */ = {
			isa = XCConfigurationList;
			buildConfigurations = (
				F4A071A51AF3BA31003ABFB3 /* Debug */,
				F4A071A61AF3BA31003ABFB3 /* Release */,
			);
			defaultConfigurationIsVisible = 0;
			defaultConfigurationName = Release;
		};
/* End XCConfigurationList section */
	};
	rootObject = F4A071761AF3BA31003ABFB3 /* Project object */;
}
